{
  "requires": true,
  "lockfileVersion": 1,
  "dependencies": {
    "semantic-ui-button": {
      "version": "2.3.2",
      "resolved": "https://registry.npmjs.org/semantic-ui-button/-/semantic-ui-button-2.3.2.tgz",
      "integrity": "sha512-DeXishEmLZWwq4RGyirMFl2BAxk+eKowVd6HtRBLW4g07YeazW6zwRMMAefdf//rPVLvPfnwvlAiNtZwxTe7kw=="
    }
  }
}
